
Microsoft Visual Studio Solution File, Format Version 12.00
Project("{FAE04EC0-301F-11D3-BF4B-00C04F79EFBC}") = "TicketBookingSystem.Api", "TicketBookingSystem.Api\TicketBookingSystem.Api.csproj", "{9E59737F-A389-4BBF-93C8-8DCABC69272D}"
EndProject
Project("{2150E333-8FDC-42A3-9474-1A3956D46DE8}") = "Solution Items", "Solution Items", "{A9136028-4E07-46DF-A239-32BB4249C41F}"
	ProjectSection(SolutionItems) = preProject
		compose.yaml = compose.yaml
	EndProjectSection
EndProject
Project("{FAE04EC0-301F-11D3-BF4B-00C04F79EFBC}") = "TicketBookingSystem.Tests", "TicketBookingSystem.Tests\TicketBookingSystem.Tests.csproj", "{765C8C4C-9496-4448-AF57-A55EAEDBD20B}"
EndProject
Global
	GlobalSection(SolutionConfigurationPlatforms) = preSolution
		Debug|Any CPU = Debug|Any CPU
		Release|Any CPU = Release|Any CPU
	EndGlobalSection
	GlobalSection(ProjectConfigurationPlatforms) = postSolution
		{9E59737F-A389-4BBF-93C8-8DCABC69272D}.Debug|Any CPU.ActiveCfg = Debug|Any CPU
		{9E59737F-A389-4BBF-93C8-8DCABC69272D}.Debug|Any CPU.Build.0 = Debug|Any CPU
		{9E59737F-A389-4BBF-93C8-8DCABC69272D}.Release|Any CPU.ActiveCfg = Release|Any CPU
		{9E59737F-A389-4BBF-93C8-8DCABC69272D}.Release|Any CPU.Build.0 = Release|Any CPU
		{765C8C4C-9496-4448-AF57-A55EAEDBD20B}.Debug|Any CPU.ActiveCfg = Debug|Any CPU
		{765C8C4C-9496-4448-AF57-A55EAEDBD20B}.Debug|Any CPU.Build.0 = Debug|Any CPU
		{765C8C4C-9496-4448-AF57-A55EAEDBD20B}.Release|Any CPU.ActiveCfg = Release|Any CPU
		{765C8C4C-9496-4448-AF57-A55EAEDBD20B}.Release|Any CPU.Build.0 = Release|Any CPU
	EndGlobalSection
EndGlobal
